// !$*UTF8*$!
{
	archiveVersion = 1;
	classes = {
	};
	objectVersion = 48;
	objects = {

/* Begin PBXBuildFile section */
		8062B9A221FFD3B000FE075E /* AppDelegate.swift in Sources */ = {isa = PBXBuildFile; fileRef = 8062B9A121FFD3B000FE075E /* AppDelegate.swift */; };
		8062B9A421FFD3B000FE075E /* ViewController.swift in Sources */ = {isa = PBXBuildFile; fileRef = 8062B9A321FFD3B000FE075E /* ViewController.swift */; };
		8062B9A721FFD3B000FE075E /* Main.storyboard in Resources */ = {isa = PBXBuildFile; fileRef = 8062B9A521FFD3B000FE075E /* Main.storyboard */; };
		8062B9A921FFD3B000FE075E /* Assets.xcassets in Resources */ = {isa = PBXBuildFile; fileRef = 8062B9A821FFD3B000FE075E /* Assets.xcassets */; };
		8062B9AC21FFD3B000FE075E /* LaunchScreen.storyboard in Resources */ = {isa = PBXBuildFile; fileRef = 8062B9AA21FFD3B000FE075E /* LaunchScreen.storyboard */; };
		8062B9B721FFD3B000FE075E /* TipCalculatorTests.swift in Sources */ = {isa = PBXBuildFile; fileRef = 8062B9B621FFD3B000FE075E /* TipCalculatorTests.swift */; };
		8062B9C221FFD3B000FE075E /* TipCalculatorUITests.swift in Sources */ = {isa = PBXBuildFile; fileRef = 8062B9C121FFD3B000FE075E /* TipCalculatorUITests.swift */; };
/* End PBXBuildFile section */

/* Begin PBXContainerItemProxy section */
		8062B9B321FFD3B000FE075E /* PBXContainerItemProxy */ = {
			isa = PBXContainerItemProxy;
			containerPortal = 8062B99621FFD3B000FE075E /* Project object */;
			proxyType = 1;
			remoteGlobalIDString = 8062B99D21FFD3B000FE075E;
			remoteInfo = TipCalculator;
		};
		8062B9BE21FFD3B000FE075E /* PBXContainerItemProxy */ = {
			isa = PBXContainerItemProxy;
			containerPortal = 8062B99621FFD3B000FE075E /* Project object */;
			proxyType = 1;
			remoteGlobalIDString = 8062B99D21FFD3B000FE075E;
			remoteInfo = TipCalculator;
		};
/* End PBXContainerItemProxy section */

/* Begin PBXFileReference section */
		8062B99E21FFD3B000FE075E /* TipCalculator.app */ = {isa = PBXFileReference; explicitFileType = wrapper.application; includeInIndex = 0; path = TipCalculator.app; sourceTree = BUILT_PRODUCTS_DIR; };
		8062B9A121FFD3B000FE075E /* AppDelegate.swift */ = {isa = PBXFileReference; lastKnownFileType = sourcecode.swift; path = AppDelegate.swift; sourceTree = "<group>"; };
		8062B9A321FFD3B000FE075E /* ViewController.swift */ = {isa = PBXFileReference; lastKnownFileType = sourcecode.swift; path = ViewController.swift; sourceTree = "<group>"; };
		8062B9A621FFD3B000FE075E /* Base */ = {isa = PBXFileReference; lastKnownFileType = file.storyboard; name = Base; path = Base.lproj/Main.storyboard; sourceTree = "<group>"; };
		8062B9A821FFD3B000FE075E /* Assets.xcassets */ = {isa = PBXFileReference; lastKnownFileType = folder.assetcatalog; path = Assets.xcassets; sourceTree = "<group>"; };
		8062B9AB21FFD3B000FE075E /* Base */ = {isa = PBXFileReference; lastKnownFileType = file.storyboard; name = Base; path = Base.lproj/LaunchScreen.storyboard; sourceTree = "<group>"; };
		8062B9AD21FFD3B000FE075E /* Info.plist */ = {isa = PBXFileReference; lastKnownFileType = text.plist.xml; path = Info.plist; sourceTree = "<group>"; };
		8062B9B221FFD3B000FE075E /* TipCalculatorTests.xctest */ = {isa = PBXFileReference; explicitFileType = wrapper.cfbundle; includeInIndex = 0; path = TipCalculatorTests.xctest; sourceTree = BUILT_PRODUCTS_DIR; };
		8062B9B621FFD3B000FE075E /* TipCalculatorTests.swift */ = {isa = PBXFileReference; lastKnownFileType = sourcecode.swift; path = TipCalculatorTests.swift; sourceTree = "<group>"; };
		8062B9B821FFD3B000FE075E /* Info.plist */ = {isa = PBXFileReference; lastKnownFileType = text.plist.xml; path = Info.plist; sourceTree = "<group>"; };
		8062B9BD21FFD3B000FE075E /* TipCalculatorUITests.xctest */ = {isa = PBXFileReference; explicitFileType = wrapper.cfbundle; includeInIndex = 0; path = TipCalculatorUITests.xctest; sourceTree = BUILT_PRODUCTS_DIR; };
		8062B9C121FFD3B000FE075E /* TipCalculatorUITests.swift */ = {isa = PBXFileReference; lastKnownFileType = sourcecode.swift; path = TipCalculatorUITests.swift; sourceTree = "<group>"; };
		8062B9C321FFD3B000FE075E /* Info.plist */ = {isa = PBXFileReference; lastKnownFileType = text.plist.xml; path = Info.plist; sourceTree = "<group>"; };
/* End PBXFileReference section */

/* Begin PBXFrameworksBuildPhase section */
		8062B99B21FFD3B000FE075E /* Frameworks */ = {
			isa = PBXFrameworksBuildPhase;
			buildActionMask = 2147483647;
			files = (
			);
			runOnlyForDeploymentPostprocessing = 0;
		};
		8062B9AF21FFD3B000FE075E /* Frameworks */ = {
			isa = PBXFrameworksBuildPhase;
			buildActionMask = 2147483647;
			files = (
			);
			runOnlyForDeploymentPostprocessing = 0;
		};
		8062B9BA21FFD3B000FE075E /* Frameworks */ = {
			isa = PBXFrameworksBuildPhase;
			buildActionMask = 2147483647;
			files = (
			);
			runOnlyForDeploymentPostprocessing = 0;
		};
/* End PBXFrameworksBuildPhase section */

/* Begin PBXGroup section */
		8062B99521FFD3B000FE075E = {
			isa = PBXGroup;
			children = (
				8062B9A021FFD3B000FE075E /* TipCalculator */,
				8062B9B521FFD3B000FE075E /* TipCalculatorTests */,
				8062B9C021FFD3B000FE075E /* TipCalculatorUITests */,
				8062B99F21FFD3B000FE075E /* Products */,
			);
			sourceTree = "<group>";
		};
		8062B99F21FFD3B000FE075E /* Products */ = {
			isa = PBXGroup;
			children = (
				8062B99E21FFD3B000FE075E /* TipCalculator.app */,
				8062B9B221FFD3B000FE075E /* TipCalculatorTests.xctest */,
				8062B9BD21FFD3B000FE075E /* TipCalculatorUITests.xctest */,
			);
			name = Products;
			sourceTree = "<group>";
		};
		8062B9A021FFD3B000FE075E /* TipCalculator */ = {
			isa = PBXGroup;
			children = (
				8062B9A121FFD3B000FE075E /* AppDelegate.swift */,
				8062B9A321FFD3B000FE075E /* ViewController.swift */,
				8062B9A521FFD3B000FE075E /* Main.storyboard */,
				8062B9A821FFD3B000FE075E /* Assets.xcassets */,
				8062B9AA21FFD3B000FE075E /* LaunchScreen.storyboard */,
				8062B9AD21FFD3B000FE075E /* Info.plist */,
			);
			path = TipCalculator;
			sourceTree = "<group>";
		};
		8062B9B521FFD3B000FE075E /* TipCalculatorTests */ = {
			isa = PBXGroup;
			children = (
				8062B9B621FFD3B000FE075E /* TipCalculatorTests.swift */,
				8062B9B821FFD3B000FE075E /* Info.plist */,
			);
			path = TipCalculatorTests;
			sourceTree = "<group>";
		};
		8062B9C021FFD3B000FE075E /* TipCalculatorUITests */ = {
			isa = PBXGroup;
			children = (
				8062B9C121FFD3B000FE075E /* TipCalculatorUITests.swift */,
				8062B9C321FFD3B000FE075E /* Info.plist */,
			);
			path = TipCalculatorUITests;
			sourceTree = "<group>";
		};
/* End PBXGroup section */

/* Begin PBXNativeTarget section */
		8062B99D21FFD3B000FE075E /* TipCalculator */ = {
			isa = PBXNativeTarget;
			buildConfigurationList = 8062B9C621FFD3B000FE075E /* Build configuration list for PBXNativeTarget "TipCalculator" */;
			buildPhases = (
				8062B99A21FFD3B000FE075E /* Sources */,
				8062B99B21FFD3B000FE075E /* Frameworks */,
				8062B99C21FFD3B000FE075E /* Resources */,
			);
			buildRules = (
			);
			dependencies = (
			);
			name = TipCalculator;
			productName = TipCalculator;
			productReference = 8062B99E21FFD3B000FE075E /* TipCalculator.app */;
			productType = "com.apple.product-type.application";
		};
		8062B9B121FFD3B000FE075E /* TipCalculatorTests */ = {
			isa = PBXNativeTarget;
			buildConfigurationList = 8062B9C921FFD3B000FE075E /* Build configuration list for PBXNativeTarget "TipCalculatorTests" */;
			buildPhases = (
				8062B9AE21FFD3B000FE075E /* Sources */,
				8062B9AF21FFD3B000FE075E /* Frameworks */,
				8062B9B021FFD3B000FE075E /* Resources */,
			);
			buildRules = (
			);
			dependencies = (
				8062B9B421FFD3B000FE075E /* PBXTargetDependency */,
			);
			name = TipCalculatorTests;
			productName = TipCalculatorTests;
			productReference = 8062B9B221FFD3B000FE075E /* TipCalculatorTests.xctest */;
			productType = "com.apple.product-type.bundle.unit-test";
		};
		8062B9BC21FFD3B000FE075E /* TipCalculatorUITests */ = {
			isa = PBXNativeTarget;
			buildConfigurationList = 8062B9CC21FFD3B000FE075E /* Build configuration list for PBXNativeTarget "TipCalculatorUITests" */;
			buildPhases = (
				8062B9B921FFD3B000FE075E /* Sources */,
				8062B9BA21FFD3B000FE075E /* Frameworks */,
				8062B9BB21FFD3B000FE075E /* Resources */,
			);
			buildRules = (
			);
			dependencies = (
				8062B9BF21FFD3B000FE075E /* PBXTargetDependency */,
			);
			name = TipCalculatorUITests;
			productName = TipCalculatorUITests;
			productReference = 8062B9BD21FFD3B000FE075E /* TipCalculatorUITests.xctest */;
			productType = "com.apple.product-type.bundle.ui-testing";
		};
/* End PBXNativeTarget section */

/* Begin PBXProject section */
		8062B99621FFD3B000FE075E /* Project object */ = {
			isa = PBXProject;
			attributes = {
				LastSwiftUpdateCheck = 0920;
				LastUpgradeCheck = 0920;
				ORGANIZATIONNAME = Deepika;
				TargetAttributes = {
					8062B99D21FFD3B000FE075E = {
						CreatedOnToolsVersion = 9.2;
						ProvisioningStyle = Automatic;
					};
					8062B9B121FFD3B000FE075E = {
						CreatedOnToolsVersion = 9.2;
						ProvisioningStyle = Automatic;
						TestTargetID = 8062B99D21FFD3B000FE075E;
					};
					8062B9BC21FFD3B000FE075E = {
						CreatedOnToolsVersion = 9.2;
						ProvisioningStyle = Automatic;
						TestTargetID = 8062B99D21FFD3B000FE075E;
					};
				};
			};
			buildConfigurationList = 8062B99921FFD3B000FE075E /* Build configuration list for PBXProject "TipCalculator" */;
			compatibilityVersion = "Xcode 8.0";
			developmentRegion = en;
			hasScannedForEncodings = 0;
			knownRegions = (
				en,
				Base,
			);
			mainGroup = 8062B99521FFD3B000FE075E;
			productRefGroup = 8062B99F21FFD3B000FE075E /* Products */;
			projectDirPath = "";
			projectRoot = "";
			targets = (
				8062B99D21FFD3B000FE075E /* TipCalculator */,
				8062B9B121FFD3B000FE075E /* TipCalculatorTests */,
				8062B9BC21FFD3B000FE075E /* TipCalculatorUITests */,
			);
		};
/* End PBXProject section */

/* Begin PBXResourcesBuildPhase section */
		8062B99C21FFD3B000FE075E /* Resources */ = {
			isa = PBXResourcesBuildPhase;
			buildActionMask = 2147483647;
			files = (
				8062B9AC21FFD3B000FE075E /* LaunchScreen.storyboard in Resources */,
				8062B9A921FFD3B000FE075E /* Assets.xcassets in Resources */,
				8062B9A721FFD3B000FE075E /* Main.storyboard in Resources */,
			);
			runOnlyForDeploymentPostprocessing = 0;
		};
		8062B9B021FFD3B000FE075E /* Resources */ = {
			isa = PBXResourcesBuildPhase;
			buildActionMask = 2147483647;
			files = (
			);
			runOnlyForDeploymentPostprocessing = 0;
		};
		8062B9BB21FFD3B000FE075E /* Resources */ = {
			isa = PBXResourcesBuildPhase;
			buildActionMask = 2147483647;
			files = (
			);
			runOnlyForDeploymentPostprocessing = 0;
		};
/* End PBXResourcesBuildPhase section */

/* Begin PBXSourcesBuildPhase section */
		8062B99A21FFD3B000FE075E /* Sources */ = {
			isa = PBXSourcesBuildPhase;
			buildActionMask = 2147483647;
			files = (
				8062B9A421FFD3B000FE075E /* ViewController.swift in Sources */,
				8062B9A221FFD3B000FE075E /* AppDelegate.swift in Sources */,
			);
			runOnlyForDeploymentPostprocessing = 0;
		};
		8062B9AE21FFD3B000FE075E /* Sources */ = {
			isa = PBXSourcesBuildPhase;
			buildActionMask = 2147483647;
			files = (
				8062B9B721FFD3B000FE075E /* TipCalculatorTests.swift in Sources */,
			);
			runOnlyForDeploymentPostprocessing = 0;
		};
		8062B9B921FFD3B000FE075E /* Sources */ = {
			isa = PBXSourcesBuildPhase;
			buildActionMask = 2147483647;
			files = (
				8062B9C221FFD3B000FE075E /* TipCalculatorUITests.swift in Sources */,
			);
			runOnlyForDeploymentPostprocessing = 0;
		};
/* End PBXSourcesBuildPhase section */

/* Begin PBXTargetDependency section */
		8062B9B421FFD3B000FE075E /* PBXTargetDependency */ = {
			isa = PBXTargetDependency;
			target = 8062B99D21FFD3B000FE075E /* TipCalculator */;
			targetProxy = 8062B9B321FFD3B000FE075E /* PBXContainerItemProxy */;
		};
		8062B9BF21FFD3B000FE075E /* PBXTargetDependency */ = {
			isa = PBXTargetDependency;
			target = 8062B99D21FFD3B000FE075E /* TipCalculator */;
			targetProxy = 8062B9BE21FFD3B000FE075E /* PBXContainerItemProxy */;
		};
/* End PBXTargetDependency section */

/* Begin PBXVariantGroup section */
		8062B9A521FFD3B000FE075E /* Main.storyboard */ = {
			isa = PBXVariantGroup;
			children = (
				8062B9A621FFD3B000FE075E /* Base */,
			);
			name = Main.storyboard;
			sourceTree = "<group>";
		};
		8062B9AA21FFD3B000FE075E /* LaunchScreen.storyboard */ = {
			isa = PBXVariantGroup;
			children = (
				8062B9AB21FFD3B000FE075E /* Base */,
			);
			name = LaunchScreen.storyboard;
			sourceTree = "<group>";
		};
/* End PBXVariantGroup section */

/* Begin XCBuildConfiguration section */
		8062B9C421FFD3B000FE075E /* Debug */ = {
			isa = XCBuildConfiguration;
			buildSettings = {
				ALWAYS_SEARCH_USER_PATHS = NO;
				CLANG_ANALYZER_NONNULL = YES;
				CLANG_ANALYZER_NUMBER_OBJECT_CONVERSION = YES_AGGRESSIVE;
				CLANG_CXX_LANGUAGE_STANDARD = "gnu++14";
				CLANG_CXX_LIBRARY = "libc++";
				CLANG_ENABLE_MODULES = YES;
				CLANG_ENABLE_OBJC_ARC = YES;
				CLANG_WARN_BLOCK_CAPTURE_AUTORELEASING = YES;
				CLANG_WARN_BOOL_CONVERSION = YES;
				CLANG_WARN_COMMA = YES;
				CLANG_WARN_CONSTANT_CONVERSION = YES;
				CLANG_WARN_DIRECT_OBJC_ISA_USAGE = YES_ERROR;
				CLANG_WARN_DOCUMENTATION_COMMENTS = YES;
				CLANG_WARN_EMPTY_BODY = YES;
				CLANG_WARN_ENUM_CONVERSION = YES;
				CLANG_WARN_INFINITE_RECURSION = YES;
				CLANG_WARN_INT_CONVERSION = YES;
				CLANG_WARN_NON_LITERAL_NULL_CONVERSION = YES;
				CLANG_WARN_OBJC_LITERAL_CONVERSION = YES;
				CLANG_WARN_OBJC_ROOT_CLASS = YES_ERROR;
				CLANG_WARN_RANGE_LOOP_ANALYSIS = YES;
				CLANG_WARN_STRICT_PROTOTYPES = YES;
				CLANG_WARN_SUSPICIOUS_MOVE = YES;
				CLANG_WARN_UNGUARDED_AVAILABILITY = YES_AGGRESSIVE;
				CLANG_WARN_UNREACHABLE_CODE = YES;
				CLANG_WARN__DUPLICATE_METHOD_MATCH = YES;
				CODE_SIGN_IDENTITY = "iPhone Developer";
				COPY_PHASE_STRIP = NO;
				DEBUG_INFORMATION_FORMAT = dwarf;
				ENABLE_STRICT_OBJC_MSGSEND = YES;
				ENABLE_TESTABILITY = YES;
				GCC_C_LANGUAGE_STANDARD = gnu11;
				GCC_DYNAMIC_NO_PIC = NO;
				GCC_NO_COMMON_BLOCKS = YES;
				GCC_OPTIMIZATION_LEVEL = 0;
				GCC_PREPROCESSOR_DEFINITIONS = (
					"DEBUG=1",
					"$(inherited)",
				);
				GCC_WARN_64_TO_32_BIT_CONVERSION = YES;
				GCC_WARN_ABOUT_RETURN_TYPE = YES_ERROR;
				GCC_WARN_UNDECLARED_SELECTOR = YES;
				GCC_WARN_UNINITIALIZED_AUTOS = YES_AGGRESSIVE;
				GCC_WARN_UNUSED_FUNCTION = YES;
				GCC_WARN_UNUSED_VARIABLE = YES;
				IPHONEOS_DEPLOYMENT_TARGET = 11.2;
				MTL_ENABLE_DEBUG_INFO = YES;
				ONLY_ACTIVE_ARCH = YES;
				SDKROOT = iphoneos;
				SWIFT_ACTIVE_COMPILATION_CONDITIONS = DEBUG;
				SWIFT_OPTIMIZATION_LEVEL = "-Onone";
			};
			name = Debug;
		};
		8062B9C521FFD3B000FE075E /* Release */ = {
			isa = XCBuildConfiguration;
			buildSettings = {
				ALWAYS_SEARCH_USER_PATHS = NO;
				CLANG_ANALYZER_NONNULL = YES;
				CLANG_ANALYZER_NUMBER_OBJECT_CONVERSION = YES_AGGRESSIVE;
				CLANG_CXX_LANGUAGE_STANDARD = "gnu++14";
				CLANG_CXX_LIBRARY = "libc++";
				CLANG_ENABLE_MODULES = YES;
				CLANG_ENABLE_OBJC_ARC = YES;
				CLANG_WARN_BLOCK_CAPTURE_AUTORELEASING = YES;
				CLANG_WARN_BOOL_CONVERSION = YES;
				CLANG_WARN_COMMA = YES;
				CLANG_WARN_CONSTANT_CONVERSION = YES;
				CLANG_WARN_DIRECT_OBJC_ISA_USAGE = YES_ERROR;
				CLANG_WARN_DOCUMENTATION_COMMENTS = YES;
				CLANG_WARN_EMPTY_BODY = YES;
				CLANG_WARN_ENUM_CONVERSION = YES;
				CLANG_WARN_INFINITE_RECURSION = YES;
				CLANG_WARN_INT_CONVERSION = YES;
				CLANG_WARN_NON_LITERAL_NULL_CONVERSION = YES;
				CLANG_WARN_OBJC_LITERAL_CONVERSION = YES;
				CLANG_WARN_OBJC_ROOT_CLASS = YES_ERROR;
				CLANG_WARN_RANGE_LOOP_ANALYSIS = YES;
				CLANG_WARN_STRICT_PROTOTYPES = YES;
				CLANG_WARN_SUSPICIOUS_MOVE = YES;
				CLANG_WARN_UNGUARDED_AVAILABILITY = YES_AGGRESSIVE;
				CLANG_WARN_UNREACHABLE_CODE = YES;
				CLANG_WARN__DUPLICATE_METHOD_MATCH = YES;
				CODE_SIGN_IDENTITY = "iPhone Developer";
				COPY_PHASE_STRIP = NO;
				DEBUG_INFORMATION_FORMAT = "dwarf-with-dsym";
				ENABLE_NS_ASSERTIONS = NO;
				ENABLE_STRICT_OBJC_MSGSEND = YES;
				GCC_C_LANGUAGE_STANDARD = gnu11;
				GCC_NO_COMMON_BLOCKS = YES;
				GCC_WARN_64_TO_32_BIT_CONVERSION = YES;
				GCC_WARN_ABOUT_RETURN_TYPE = YES_ERROR;
				GCC_WARN_UNDECLARED_SELECTOR = YES;
				GCC_WARN_UNINITIALIZED_AUTOS = YES_AGGRESSIVE;
				GCC_WARN_UNUSED_FUNCTION = YES;
				GCC_WARN_UNUSED_VARIABLE = YES;
				IPHONEOS_DEPLOYMENT_TARGET = 11.2;
				MTL_ENABLE_DEBUG_INFO = NO;
				SDKROOT = iphoneos;
				SWIFT_OPTIMIZATION_LEVEL = "-Owholemodule";
				VALIDATE_PRODUCT = YES;
			};
			name = Release;
		};
		8062B9C721FFD3B000FE075E /* Debug */ = {
			isa = XCBuildConfiguration;
			buildSettings = {
				ASSETCATALOG_COMPILER_APPICON_NAME = AppIcon;
				CODE_SIGN_STYLE = Automatic;
				INFOPLIST_FILE = TipCalculator/Info.plist;
				LD_RUNPATH_SEARCH_PATHS = "$(inherited) @executable_path/Frameworks";
				PRODUCT_BUNDLE_IDENTIFIER = Deepika.TipCalculator;
				PRODUCT_NAME = "$(TARGET_NAME)";
				SWIFT_VERSION = 4.0;
				TARGETED_DEVICE_FAMILY = "1,2";
			};
			name = Debug;
		};
		8062B9C821FFD3B000FE075E /* Release */ = {
			isa = XCBuildConfiguration;
			buildSettings = {
				ASSETCATALOG_COMPILER_APPICON_NAME = AppIcon;
				CODE_SIGN_STYLE = Automatic;
				INFOPLIST_FILE = TipCalculator/Info.plist;
				LD_RUNPATH_SEARCH_PATHS = "$(inherited) @executable_path/Frameworks";
				PRODUCT_BUNDLE_IDENTIFIER = Deepika.TipCalculator;
				PRODUCT_NAME = "$(TARGET_NAME)";
				SWIFT_VERSION = 4.0;
				TARGETED_DEVICE_FAMILY = "1,2";
			};
			name = Release;
		};
		8062B9CA21FFD3B000FE075E /* Debug */ = {
			isa = XCBuildConfiguration;
			buildSettings = {
				ALWAYS_EMBED_SWIFT_STANDARD_LIBRARIES = YES;
				BUNDLE_LOADER = "$(TEST_HOST)";
				CODE_SIGN_STYLE = Automatic;
				INFOPLIST_FILE = TipCalculatorTests/Info.plist;
				LD_RUNPATH_SEARCH_PATHS = "$(inherited) @executable_path/Frameworks @loader_path/Frameworks";
				PRODUCT_BUNDLE_IDENTIFIER = Deepika.TipCalculatorTests;
				PRODUCT_NAME = "$(TARGET_NAME)";
				SWIFT_VERSION = 4.0;
				TARGETED_DEVICE_FAMILY = "1,2";
				TEST_HOST = "$(BUILT_PRODUCTS_DIR)/TipCalculator.app/TipCalculator";
			};
			name = Debug;
		};
		8062B9CB21FFD3B000FE075E /* Release */ = {
			isa = XCBuildConfiguration;
			buildSettings = {
				ALWAYS_EMBED_SWIFT_STANDARD_LIBRARIES = YES;
				BUNDLE_LOADER = "$(TEST_HOST)";
				CODE_SIGN_STYLE = Automatic;
				INFOPLIST_FILE = TipCalculatorTests/Info.plist;
				LD_RUNPATH_SEARCH_PATHS = "$(inherited) @executable_path/Frameworks @loader_path/Frameworks";
				PRODUCT_BUNDLE_IDENTIFIER = Deepika.TipCalculatorTests;
				PRODUCT_NAME = "$(TARGET_NAME)";
				SWIFT_VERSION = 4.0;
				TARGETED_DEVICE_FAMILY = "1,2";
				TEST_HOST = "$(BUILT_PRODUCTS_DIR)/TipCalculator.app/TipCalculator";
			};
			name = Release;
		};
		8062B9CD21FFD3B000FE075E /* Debug */ = {
			isa = XCBuildConfiguration;
			buildSettings = {
				ALWAYS_EMBED_SWIFT_STANDARD_LIBRARIES = YES;
				CODE_SIGN_STYLE = Automatic;
				INFOPLIST_FILE = TipCalculatorUITests/Info.plist;
				LD_RUNPATH_SEARCH_PATHS = "$(inherited) @executable_path/Frameworks @loader_path/Frameworks";
				PRODUCT_BUNDLE_IDENTIFIER = Deepika.TipCalculatorUITests;
				PRODUCT_NAME = "$(TARGET_NAME)";
				SWIFT_VERSION = 4.0;
				TARGETED_DEVICE_FAMILY = "1,2";
				TEST_TARGET_NAME = TipCalculator;
			};
			name = Debug;
		};
		8062B9CE21FFD3B000FE075E /* Release */ = {
			isa = XCBuildConfiguration;
			buildSettings = {
				ALWAYS_EMBED_SWIFT_STANDARD_LIBRARIES = YES;
				CODE_SIGN_STYLE = Automatic;
				INFOPLIST_FILE = TipCalculatorUITests/Info.plist;
				LD_RUNPATH_SEARCH_PATHS = "$(inherited) @executable_path/Frameworks @loader_path/Frameworks";
				PRODUCT_BUNDLE_IDENTIFIER = Deepika.TipCalculatorUITests;
				PRODUCT_NAME = "$(TARGET_NAME)";
				SWIFT_VERSION = 4.0;
				TARGETED_DEVICE_FAMILY = "1,2";
				TEST_TARGET_NAME = TipCalculator;
			};
			name = Release;
		};
/* End XCBuildConfiguration section */

/* Begin XCConfigurationList section */
		8062B99921FFD3B000FE075E /* Build configuration list for PBXProject "TipCalculator" */ = {
			isa = XCConfigurationList;
			buildConfigurations = (
				8062B9C421FFD3B000FE075E /* Debug */,
				8062B9C521FFD3B000FE075E /* Release */,
			);
			defaultConfigurationIsVisible = 0;
			defaultConfigurationName = Release;
		};
		8062B9C621FFD3B000FE075E /* Build configuration list for PBXNativeTarget "TipCalculator" */ = {
			isa = XCConfigurationList;
			buildConfigurations = (
				8062B9C721FFD3B000FE075E /* Debug */,
				8062B9C821FFD3B000FE075E /* Release */,
			);
			defaultConfigurationIsVisible = 0;
			defaultConfigurationName = Release;
		};
		8062B9C921FFD3B000FE075E /* Build configuration list for PBXNativeTarget "TipCalculatorTests" */ = {
			isa = XCConfigurationList;
			buildConfigurations = (
				8062B9CA21FFD3B000FE075E /* Debug */,
				8062B9CB21FFD3B000FE075E /* Release */,
			);
			defaultConfigurationIsVisible = 0;
			defaultConfigurationName = Release;
		};
		8062B9CC21FFD3B000FE075E /* Build configuration list for PBXNativeTarget "TipCalculatorUITests" */ = {
			isa = XCConfigurationList;
			buildConfigurations = (
				8062B9CD21FFD3B000FE075E /* Debug */,
				8062B9CE21FFD3B000FE075E /* Release */,
			);
			defaultConfigurationIsVisible = 0;
			defaultConfigurationName = Release;
		};
/* End XCConfigurationList section */
	};
	rootObject = 8062B99621FFD3B000FE075E /* Project object */;
}
